
Microsoft Visual Studio Solution File, Format Version 12.00
# Visual Studio Version 17
VisualStudioVersion = 17.4.33110.190
MinimumVisualStudioVersion = 10.0.40219.1
Project("{9A19103F-16F7-4668-BE54-9A1E7A4F7556}") = "OPOS-Projekat", "OPOS-Projekat\OPOS-Projekat.csproj", "{965CB9B5-ACF5-4673-81A1-52D796A055B3}"
EndProject
Project("{9A19103F-16F7-4668-BE54-9A1E7A4F7556}") = "GUI", "GUI\GUI.csproj", "{4BFDBA08-CF95-486E-9D28-D4610A0F9392}"
EndProject
Project("{9A19103F-16F7-4668-BE54-9A1E7A4F7556}") = "UserFileSystem", "UserFileSystem\UserFileSystem.csproj", "{C2400DFA-50EC-4D70-A019-69CEA3ED936C}"
EndProject
Project("{FAE04EC0-301F-11D3-BF4B-00C04F79EFBC}") = "SchedulerTest", "SchedulerTest\SchedulerTest.csproj", "{5EDDB31B-5C11-477D-AD80-C8902AEDE6CE}"
EndProject
Global
	GlobalSection(SolutionConfigurationPlatforms) = preSolution
		Debug|Any CPU = Debug|Any CPU
		Release|Any CPU = Release|Any CPU
	EndGlobalSection
	GlobalSection(ProjectConfigurationPlatforms) = postSolution
		{965CB9B5-ACF5-4673-81A1-52D796A055B3}.Debug|Any CPU.ActiveCfg = Debug|Any CPU
		{965CB9B5-ACF5-4673-81A1-52D796A055B3}.Debug|Any CPU.Build.0 = Debug|Any CPU
		{965CB9B5-ACF5-4673-81A1-52D796A055B3}.Release|Any CPU.ActiveCfg = Release|Any CPU
		{965CB9B5-ACF5-4673-81A1-52D796A055B3}.Release|Any CPU.Build.0 = Release|Any CPU
		{4BFDBA08-CF95-486E-9D28-D4610A0F9392}.Debug|Any CPU.ActiveCfg = Debug|Any CPU
		{4BFDBA08-CF95-486E-9D28-D4610A0F9392}.Debug|Any CPU.Build.0 = Debug|Any CPU
		{4BFDBA08-CF95-486E-9D28-D4610A0F9392}.Release|Any CPU.ActiveCfg = Release|Any CPU
		{4BFDBA08-CF95-486E-9D28-D4610A0F9392}.Release|Any CPU.Build.0 = Release|Any CPU
		{C2400DFA-50EC-4D70-A019-69CEA3ED936C}.Debug|Any CPU.ActiveCfg = Debug|Any CPU
		{C2400DFA-50EC-4D70-A019-69CEA3ED936C}.Debug|Any CPU.Build.0 = Debug|Any CPU
		{C2400DFA-50EC-4D70-A019-69CEA3ED936C}.Release|Any CPU.ActiveCfg = Release|Any CPU
		{C2400DFA-50EC-4D70-A019-69CEA3ED936C}.Release|Any CPU.Build.0 = Release|Any CPU
		{5EDDB31B-5C11-477D-AD80-C8902AEDE6CE}.Debug|Any CPU.ActiveCfg = Debug|Any CPU
		{5EDDB31B-5C11-477D-AD80-C8902AEDE6CE}.Debug|Any CPU.Build.0 = Debug|Any CPU
		{5EDDB31B-5C11-477D-AD80-C8902AEDE6CE}.Release|Any CPU.ActiveCfg = Release|Any CPU
		{5EDDB31B-5C11-477D-AD80-C8902AEDE6CE}.Release|Any CPU.Build.0 = Release|Any CPU
	EndGlobalSection
	GlobalSection(SolutionProperties) = preSolution
		HideSolutionNode = FALSE
	EndGlobalSection
	GlobalSection(ExtensibilityGlobals) = postSolution
		SolutionGuid = {92938480-9F17-4AAB-840C-AD1D749C079F}
	EndGlobalSection
EndGlobal
